
Microsoft Visual Studio Solution File, Format Version 12.00
# Visual Studio Version 16
VisualStudioVersion = 16.0.31205.134
MinimumVisualStudioVersion = 10.0.40219.1
Project("{FAE04EC0-301F-11D3-BF4B-00C04F79EFBC}") = "XmlTestingApp", "XmlTestingApp\XmlTestingApp.csproj", "{03F7B0E0-1293-440B-AA18-F8219D43374C}"
EndProject
Global
	GlobalSection(SolutionConfigurationPlatforms) = preSolution
		Debug|Any CPU = Debug|Any CPU
		Release|Any CPU = Release|Any CPU
	EndGlobalSection
	GlobalSection(ProjectConfigurationPlatforms) = postSolution
		{03F7B0E0-1293-440B-AA18-F8219D43374C}.Debug|Any CPU.ActiveCfg = Debug|Any CPU
		{03F7B0E0-1293-440B-AA18-F8219D43374C}.Debug|Any CPU.Build.0 = Debug|Any CPU
		{03F7B0E0-1293-440B-AA18-F8219D43374C}.Release|Any CPU.ActiveCfg = Release|Any CPU
		{03F7B0E0-1293-440B-AA18-F8219D43374C}.Release|Any CPU.Build.0 = Release|Any CPU
	EndGlobalSection
	GlobalSection(SolutionProperties) = preSolution
		HideSolutionNode = FALSE
	EndGlobalSection
	GlobalSection(ExtensibilityGlobals) = postSolution
		SolutionGuid = {8757202F-5CFA-428E-B527-98ECB39968DE}
	EndGlobalSection
EndGlobal
